// !$*UTF8*$!
{
	archiveVersion = 1;
	classes = {
	};
	objectVersion = 50;
	objects = {

/* Begin PBXBuildFile section */
		D19E49A8241D1FB300BC4AE4 /* AppDelegate.swift in Sources */ = {isa = PBXBuildFile; fileRef = D19E49A7241D1FB300BC4AE4 /* AppDelegate.swift */; };
		D19E49AA241D1FB300BC4AE4 /* SceneDelegate.swift in Sources */ = {isa = PBXBuildFile; fileRef = D19E49A9241D1FB300BC4AE4 /* SceneDelegate.swift */; };
		D19E49AD241D1FB300BC4AE4 /* Trackon.xcdatamodeld in Sources */ = {isa = PBXBuildFile; fileRef = D19E49AB241D1FB300BC4AE4 /* Trackon.xcdatamodeld */; };
		D19E49AF241D1FB300BC4AE4 /* MainView.swift in Sources */ = {isa = PBXBuildFile; fileRef = D19E49AE241D1FB300BC4AE4 /* MainView.swift */; };
		D19E49B1241D1FB400BC4AE4 /* Assets.xcassets in Resources */ = {isa = PBXBuildFile; fileRef = D19E49B0241D1FB400BC4AE4 /* Assets.xcassets */; };
		D19E49B4241D1FB400BC4AE4 /* Preview Assets.xcassets in Resources */ = {isa = PBXBuildFile; fileRef = D19E49B3241D1FB400BC4AE4 /* Preview Assets.xcassets */; };
		D19E49B7241D1FB400BC4AE4 /* LaunchScreen.storyboard in Resources */ = {isa = PBXBuildFile; fileRef = D19E49B5241D1FB400BC4AE4 /* LaunchScreen.storyboard */; };
		D19E49C2241D1FB400BC4AE4 /* TrackonTests.swift in Sources */ = {isa = PBXBuildFile; fileRef = D19E49C1241D1FB400BC4AE4 /* TrackonTests.swift */; };
		D19E49CD241D1FB400BC4AE4 /* TrackonUITests.swift in Sources */ = {isa = PBXBuildFile; fileRef = D19E49CC241D1FB400BC4AE4 /* TrackonUITests.swift */; };
		D19E49DF241D229100BC4AE4 /* TodayView.swift in Sources */ = {isa = PBXBuildFile; fileRef = D19E49DE241D229100BC4AE4 /* TodayView.swift */; };
		D19E49E4241D257C00BC4AE4 /* OverviewView.swift in Sources */ = {isa = PBXBuildFile; fileRef = D19E49E3241D257C00BC4AE4 /* OverviewView.swift */; };
		D19E49E6241D258800BC4AE4 /* ProjectsView.swift in Sources */ = {isa = PBXBuildFile; fileRef = D19E49E5241D258800BC4AE4 /* ProjectsView.swift */; };
		D19E49E8241D259300BC4AE4 /* SettingsView.swift in Sources */ = {isa = PBXBuildFile; fileRef = D19E49E7241D259300BC4AE4 /* SettingsView.swift */; };
		D19E49F1241D380100BC4AE4 /* RingView.swift in Sources */ = {isa = PBXBuildFile; fileRef = D19E49F0241D380100BC4AE4 /* RingView.swift */; };
		D19E49F4241E3D8D00BC4AE4 /* Extension+TimeInterval.swift in Sources */ = {isa = PBXBuildFile; fileRef = D19E49F3241E3D8D00BC4AE4 /* Extension+TimeInterval.swift */; };
		D19E49F6241E411D00BC4AE4 /* Extension+Date.swift in Sources */ = {isa = PBXBuildFile; fileRef = D19E49F5241E411D00BC4AE4 /* Extension+Date.swift */; };
		D19E49FA241E4C2800BC4AE4 /* TrackerItemView.swift in Sources */ = {isa = PBXBuildFile; fileRef = D19E49F9241E4C2800BC4AE4 /* TrackerItemView.swift */; };
		D19E49FD241EA09F00BC4AE4 /* TrackerItem.swift in Sources */ = {isa = PBXBuildFile; fileRef = D19E49FC241EA09F00BC4AE4 /* TrackerItem.swift */; };
		D19E4A01241EAAC800BC4AE4 /* AddTrackerView.swift in Sources */ = {isa = PBXBuildFile; fileRef = D19E4A00241EAAC800BC4AE4 /* AddTrackerView.swift */; };
/* End PBXBuildFile section */

/* Begin PBXContainerItemProxy section */
		D19E49BE241D1FB400BC4AE4 /* PBXContainerItemProxy */ = {
			isa = PBXContainerItemProxy;
			containerPortal = D19E499C241D1FB300BC4AE4 /* Project object */;
			proxyType = 1;
			remoteGlobalIDString = D19E49A3241D1FB300BC4AE4;
			remoteInfo = Trackon;
		};
		D19E49C9241D1FB400BC4AE4 /* PBXContainerItemProxy */ = {
			isa = PBXContainerItemProxy;
			containerPortal = D19E499C241D1FB300BC4AE4 /* Project object */;
			proxyType = 1;
			remoteGlobalIDString = D19E49A3241D1FB300BC4AE4;
			remoteInfo = Trackon;
		};
/* End PBXContainerItemProxy section */

/* Begin PBXFileReference section */
		D19E49A4241D1FB300BC4AE4 /* Trackon.app */ = {isa = PBXFileReference; explicitFileType = wrapper.application; includeInIndex = 0; path = Trackon.app; sourceTree = BUILT_PRODUCTS_DIR; };
		D19E49A7241D1FB300BC4AE4 /* AppDelegate.swift */ = {isa = PBXFileReference; lastKnownFileType = sourcecode.swift; path = AppDelegate.swift; sourceTree = "<group>"; };
		D19E49A9241D1FB300BC4AE4 /* SceneDelegate.swift */ = {isa = PBXFileReference; lastKnownFileType = sourcecode.swift; path = SceneDelegate.swift; sourceTree = "<group>"; };
		D19E49AC241D1FB300BC4AE4 /* Trackon.xcdatamodel */ = {isa = PBXFileReference; lastKnownFileType = wrapper.xcdatamodel; path = Trackon.xcdatamodel; sourceTree = "<group>"; };
		D19E49AE241D1FB300BC4AE4 /* MainView.swift */ = {isa = PBXFileReference; lastKnownFileType = sourcecode.swift; path = MainView.swift; sourceTree = "<group>"; };
		D19E49B0241D1FB400BC4AE4 /* Assets.xcassets */ = {isa = PBXFileReference; lastKnownFileType = folder.assetcatalog; path = Assets.xcassets; sourceTree = "<group>"; };
		D19E49B3241D1FB400BC4AE4 /* Preview Assets.xcassets */ = {isa = PBXFileReference; lastKnownFileType = folder.assetcatalog; path = "Preview Assets.xcassets"; sourceTree = "<group>"; };
		D19E49B6241D1FB400BC4AE4 /* Base */ = {isa = PBXFileReference; lastKnownFileType = file.storyboard; name = Base; path = Base.lproj/LaunchScreen.storyboard; sourceTree = "<group>"; };
		D19E49B8241D1FB400BC4AE4 /* Info.plist */ = {isa = PBXFileReference; lastKnownFileType = text.plist.xml; path = Info.plist; sourceTree = "<group>"; };
		D19E49BD241D1FB400BC4AE4 /* TrackonTests.xctest */ = {isa = PBXFileReference; explicitFileType = wrapper.cfbundle; includeInIndex = 0; path = TrackonTests.xctest; sourceTree = BUILT_PRODUCTS_DIR; };
		D19E49C1241D1FB400BC4AE4 /* TrackonTests.swift */ = {isa = PBXFileReference; lastKnownFileType = sourcecode.swift; path = TrackonTests.swift; sourceTree = "<group>"; };
		D19E49C3241D1FB400BC4AE4 /* Info.plist */ = {isa = PBXFileReference; lastKnownFileType = text.plist.xml; path = Info.plist; sourceTree = "<group>"; };
		D19E49C8241D1FB400BC4AE4 /* TrackonUITests.xctest */ = {isa = PBXFileReference; explicitFileType = wrapper.cfbundle; includeInIndex = 0; path = TrackonUITests.xctest; sourceTree = BUILT_PRODUCTS_DIR; };
		D19E49CC241D1FB400BC4AE4 /* TrackonUITests.swift */ = {isa = PBXFileReference; lastKnownFileType = sourcecode.swift; path = TrackonUITests.swift; sourceTree = "<group>"; };
		D19E49CE241D1FB400BC4AE4 /* Info.plist */ = {isa = PBXFileReference; lastKnownFileType = text.plist.xml; path = Info.plist; sourceTree = "<group>"; };
		D19E49DE241D229100BC4AE4 /* TodayView.swift */ = {isa = PBXFileReference; lastKnownFileType = sourcecode.swift; path = TodayView.swift; sourceTree = "<group>"; };
		D19E49E3241D257C00BC4AE4 /* OverviewView.swift */ = {isa = PBXFileReference; lastKnownFileType = sourcecode.swift; path = OverviewView.swift; sourceTree = "<group>"; };
		D19E49E5241D258800BC4AE4 /* ProjectsView.swift */ = {isa = PBXFileReference; lastKnownFileType = sourcecode.swift; path = ProjectsView.swift; sourceTree = "<group>"; };
		D19E49E7241D259300BC4AE4 /* SettingsView.swift */ = {isa = PBXFileReference; lastKnownFileType = sourcecode.swift; path = SettingsView.swift; sourceTree = "<group>"; };
		D19E49F0241D380100BC4AE4 /* RingView.swift */ = {isa = PBXFileReference; lastKnownFileType = sourcecode.swift; path = RingView.swift; sourceTree = "<group>"; };
		D19E49F3241E3D8D00BC4AE4 /* Extension+TimeInterval.swift */ = {isa = PBXFileReference; lastKnownFileType = sourcecode.swift; path = "Extension+TimeInterval.swift"; sourceTree = "<group>"; };
		D19E49F5241E411D00BC4AE4 /* Extension+Date.swift */ = {isa = PBXFileReference; lastKnownFileType = sourcecode.swift; path = "Extension+Date.swift"; sourceTree = "<group>"; };
		D19E49F9241E4C2800BC4AE4 /* TrackerItemView.swift */ = {isa = PBXFileReference; lastKnownFileType = sourcecode.swift; path = TrackerItemView.swift; sourceTree = "<group>"; };
		D19E49FC241EA09F00BC4AE4 /* TrackerItem.swift */ = {isa = PBXFileReference; lastKnownFileType = sourcecode.swift; path = TrackerItem.swift; sourceTree = "<group>"; };
		D19E4A00241EAAC800BC4AE4 /* AddTrackerView.swift */ = {isa = PBXFileReference; lastKnownFileType = sourcecode.swift; path = AddTrackerView.swift; sourceTree = "<group>"; };
/* End PBXFileReference section */

/* Begin PBXFrameworksBuildPhase section */
		D19E49A1241D1FB300BC4AE4 /* Frameworks */ = {
			isa = PBXFrameworksBuildPhase;
			buildActionMask = 2147483647;
			files = (
			);
			runOnlyForDeploymentPostprocessing = 0;
		};
		D19E49BA241D1FB400BC4AE4 /* Frameworks */ = {
			isa = PBXFrameworksBuildPhase;
			buildActionMask = 2147483647;
			files = (
			);
			runOnlyForDeploymentPostprocessing = 0;
		};
		D19E49C5241D1FB400BC4AE4 /* Frameworks */ = {
			isa = PBXFrameworksBuildPhase;
			buildActionMask = 2147483647;
			files = (
			);
			runOnlyForDeploymentPostprocessing = 0;
		};
/* End PBXFrameworksBuildPhase section */

/* Begin PBXGroup section */
		D19E499B241D1FB300BC4AE4 = {
			isa = PBXGroup;
			children = (
				D19E49A6241D1FB300BC4AE4 /* Trackon */,
				D19E49C0241D1FB400BC4AE4 /* TrackonTests */,
				D19E49CB241D1FB400BC4AE4 /* TrackonUITests */,
				D19E49A5241D1FB300BC4AE4 /* Products */,
			);
			sourceTree = "<group>";
		};
		D19E49A5241D1FB300BC4AE4 /* Products */ = {
			isa = PBXGroup;
			children = (
				D19E49A4241D1FB300BC4AE4 /* Trackon.app */,
				D19E49BD241D1FB400BC4AE4 /* TrackonTests.xctest */,
				D19E49C8241D1FB400BC4AE4 /* TrackonUITests.xctest */,
			);
			name = Products;
			sourceTree = "<group>";
		};
		D19E49A6241D1FB300BC4AE4 /* Trackon */ = {
			isa = PBXGroup;
			children = (
				D19E49DA241D224400BC4AE4 /* Delegates */,
				D19E49DB241D225100BC4AE4 /* Main */,
				D19E49DC241D227400BC4AE4 /* Feature */,
				D19E49FB241EA08A00BC4AE4 /* Models */,
				D19E49E9241D2B6300BC4AE4 /* Supporting Files */,
				D19E49B0241D1FB400BC4AE4 /* Assets.xcassets */,
				D19E49B5241D1FB400BC4AE4 /* LaunchScreen.storyboard */,
				D19E49B8241D1FB400BC4AE4 /* Info.plist */,
				D19E49AB241D1FB300BC4AE4 /* Trackon.xcdatamodeld */,
				D19E49B2241D1FB400BC4AE4 /* Preview Content */,
			);
			path = Trackon;
			sourceTree = "<group>";
		};
		D19E49B2241D1FB400BC4AE4 /* Preview Content */ = {
			isa = PBXGroup;
			children = (
				D19E49B3241D1FB400BC4AE4 /* Preview Assets.xcassets */,
			);
			path = "Preview Content";
			sourceTree = "<group>";
		};
		D19E49C0241D1FB400BC4AE4 /* TrackonTests */ = {
			isa = PBXGroup;
			children = (
				D19E49C1241D1FB400BC4AE4 /* TrackonTests.swift */,
				D19E49C3241D1FB400BC4AE4 /* Info.plist */,
			);
			path = TrackonTests;
			sourceTree = "<group>";
		};
		D19E49CB241D1FB400BC4AE4 /* TrackonUITests */ = {
			isa = PBXGroup;
			children = (
				D19E49CC241D1FB400BC4AE4 /* TrackonUITests.swift */,
				D19E49CE241D1FB400BC4AE4 /* Info.plist */,
			);
			path = TrackonUITests;
			sourceTree = "<group>";
		};
		D19E49DA241D224400BC4AE4 /* Delegates */ = {
			isa = PBXGroup;
			children = (
				D19E49A7241D1FB300BC4AE4 /* AppDelegate.swift */,
				D19E49A9241D1FB300BC4AE4 /* SceneDelegate.swift */,
			);
			path = Delegates;
			sourceTree = "<group>";
		};
		D19E49DB241D225100BC4AE4 /* Main */ = {
			isa = PBXGroup;
			children = (
				D19E49AE241D1FB300BC4AE4 /* MainView.swift */,
			);
			path = Main;
			sourceTree = "<group>";
		};
		D19E49DC241D227400BC4AE4 /* Feature */ = {
			isa = PBXGroup;
			children = (
				D19E49DD241D228600BC4AE4 /* Today */,
				D19E49E0241D229900BC4AE4 /* Overview */,
				D19E49E1241D22A400BC4AE4 /* Projects */,
				D19E49E2241D255000BC4AE4 /* Settings */,
			);
			path = Feature;
			sourceTree = "<group>";
		};
		D19E49DD241D228600BC4AE4 /* Today */ = {
			isa = PBXGroup;
			children = (
				D19E49DE241D229100BC4AE4 /* TodayView.swift */,
				D19E49F9241E4C2800BC4AE4 /* TrackerItemView.swift */,
				D19E4A00241EAAC800BC4AE4 /* AddTrackerView.swift */,
			);
			path = Today;
			sourceTree = "<group>";
		};
		D19E49E0241D229900BC4AE4 /* Overview */ = {
			isa = PBXGroup;
			children = (
				D19E49E3241D257C00BC4AE4 /* OverviewView.swift */,
			);
			path = Overview;
			sourceTree = "<group>";
		};
		D19E49E1241D22A400BC4AE4 /* Projects */ = {
			isa = PBXGroup;
			children = (
				D19E49E5241D258800BC4AE4 /* ProjectsView.swift */,
			);
			path = Projects;
			sourceTree = "<group>";
		};
		D19E49E2241D255000BC4AE4 /* Settings */ = {
			isa = PBXGroup;
			children = (
				D19E49E7241D259300BC4AE4 /* SettingsView.swift */,
			);
			path = Settings;
			sourceTree = "<group>";
		};
		D19E49E9241D2B6300BC4AE4 /* Supporting Files */ = {
			isa = PBXGroup;
			children = (
				D19E49F2241E3D6500BC4AE4 /* Extensions */,
				D19E49EA241D2B7400BC4AE4 /* UI */,
			);
			path = "Supporting Files";
			sourceTree = "<group>";
		};
		D19E49EA241D2B7400BC4AE4 /* UI */ = {
			isa = PBXGroup;
			children = (
				D19E49F0241D380100BC4AE4 /* RingView.swift */,
			);
			path = UI;
			sourceTree = "<group>";
		};
		D19E49F2241E3D6500BC4AE4 /* Extensions */ = {
			isa = PBXGroup;
			children = (
				D19E49F3241E3D8D00BC4AE4 /* Extension+TimeInterval.swift */,
				D19E49F5241E411D00BC4AE4 /* Extension+Date.swift */,
			);
			path = Extensions;
			sourceTree = "<group>";
		};
		D19E49FB241EA08A00BC4AE4 /* Models */ = {
			isa = PBXGroup;
			children = (
				D19E49FC241EA09F00BC4AE4 /* TrackerItem.swift */,
			);
			path = Models;
			sourceTree = "<group>";
		};
/* End PBXGroup section */

/* Begin PBXNativeTarget section */
		D19E49A3241D1FB300BC4AE4 /* Trackon */ = {
			isa = PBXNativeTarget;
			buildConfigurationList = D19E49D1241D1FB400BC4AE4 /* Build configuration list for PBXNativeTarget "Trackon" */;
			buildPhases = (
				D19E49A0241D1FB300BC4AE4 /* Sources */,
				D19E49A1241D1FB300BC4AE4 /* Frameworks */,
				D19E49A2241D1FB300BC4AE4 /* Resources */,
			);
			buildRules = (
			);
			dependencies = (
			);
			name = Trackon;
			productName = Trackon;
			productReference = D19E49A4241D1FB300BC4AE4 /* Trackon.app */;
			productType = "com.apple.product-type.application";
		};
		D19E49BC241D1FB400BC4AE4 /* TrackonTests */ = {
			isa = PBXNativeTarget;
			buildConfigurationList = D19E49D4241D1FB400BC4AE4 /* Build configuration list for PBXNativeTarget "TrackonTests" */;
			buildPhases = (
				D19E49B9241D1FB400BC4AE4 /* Sources */,
				D19E49BA241D1FB400BC4AE4 /* Frameworks */,
				D19E49BB241D1FB400BC4AE4 /* Resources */,
			);
			buildRules = (
			);
			dependencies = (
				D19E49BF241D1FB400BC4AE4 /* PBXTargetDependency */,
			);
			name = TrackonTests;
			productName = TrackonTests;
			productReference = D19E49BD241D1FB400BC4AE4 /* TrackonTests.xctest */;
			productType = "com.apple.product-type.bundle.unit-test";
		};
		D19E49C7241D1FB400BC4AE4 /* TrackonUITests */ = {
			isa = PBXNativeTarget;
			buildConfigurationList = D19E49D7241D1FB400BC4AE4 /* Build configuration list for PBXNativeTarget "TrackonUITests" */;
			buildPhases = (
				D19E49C4241D1FB400BC4AE4 /* Sources */,
				D19E49C5241D1FB400BC4AE4 /* Frameworks */,
				D19E49C6241D1FB400BC4AE4 /* Resources */,
			);
			buildRules = (
			);
			dependencies = (
				D19E49CA241D1FB400BC4AE4 /* PBXTargetDependency */,
			);
			name = TrackonUITests;
			productName = TrackonUITests;
			productReference = D19E49C8241D1FB400BC4AE4 /* TrackonUITests.xctest */;
			productType = "com.apple.product-type.bundle.ui-testing";
		};
/* End PBXNativeTarget section */

/* Begin PBXProject section */
		D19E499C241D1FB300BC4AE4 /* Project object */ = {
			isa = PBXProject;
			attributes = {
				LastSwiftUpdateCheck = 1130;
				LastUpgradeCheck = 1130;
				ORGANIZATIONNAME = "Andriy Yezerskiy";
				TargetAttributes = {
					D19E49A3241D1FB300BC4AE4 = {
						CreatedOnToolsVersion = 11.3.1;
					};
					D19E49BC241D1FB400BC4AE4 = {
						CreatedOnToolsVersion = 11.3.1;
						TestTargetID = D19E49A3241D1FB300BC4AE4;
					};
					D19E49C7241D1FB400BC4AE4 = {
						CreatedOnToolsVersion = 11.3.1;
						TestTargetID = D19E49A3241D1FB300BC4AE4;
					};
				};
			};
			buildConfigurationList = D19E499F241D1FB300BC4AE4 /* Build configuration list for PBXProject "Trackon" */;
			compatibilityVersion = "Xcode 9.3";
			developmentRegion = en;
			hasScannedForEncodings = 0;
			knownRegions = (
				en,
				Base,
			);
			mainGroup = D19E499B241D1FB300BC4AE4;
			productRefGroup = D19E49A5241D1FB300BC4AE4 /* Products */;
			projectDirPath = "";
			projectRoot = "";
			targets = (
				D19E49A3241D1FB300BC4AE4 /* Trackon */,
				D19E49BC241D1FB400BC4AE4 /* TrackonTests */,
				D19E49C7241D1FB400BC4AE4 /* TrackonUITests */,
			);
		};
/* End PBXProject section */

/* Begin PBXResourcesBuildPhase section */
		D19E49A2241D1FB300BC4AE4 /* Resources */ = {
			isa = PBXResourcesBuildPhase;
			buildActionMask = 2147483647;
			files = (
				D19E49B7241D1FB400BC4AE4 /* LaunchScreen.storyboard in Resources */,
				D19E49B4241D1FB400BC4AE4 /* Preview Assets.xcassets in Resources */,
				D19E49B1241D1FB400BC4AE4 /* Assets.xcassets in Resources */,
			);
			runOnlyForDeploymentPostprocessing = 0;
		};
		D19E49BB241D1FB400BC4AE4 /* Resources */ = {
			isa = PBXResourcesBuildPhase;
			buildActionMask = 2147483647;
			files = (
			);
			runOnlyForDeploymentPostprocessing = 0;
		};
		D19E49C6241D1FB400BC4AE4 /* Resources */ = {
			isa = PBXResourcesBuildPhase;
			buildActionMask = 2147483647;
			files = (
			);
			runOnlyForDeploymentPostprocessing = 0;
		};
/* End PBXResourcesBuildPhase section */

/* Begin PBXSourcesBuildPhase section */
		D19E49A0241D1FB300BC4AE4 /* Sources */ = {
			isa = PBXSourcesBuildPhase;
			buildActionMask = 2147483647;
			files = (
				D19E49FD241EA09F00BC4AE4 /* TrackerItem.swift in Sources */,
				D19E49A8241D1FB300BC4AE4 /* AppDelegate.swift in Sources */,
				D19E49E8241D259300BC4AE4 /* SettingsView.swift in Sources */,
				D19E49FA241E4C2800BC4AE4 /* TrackerItemView.swift in Sources */,
				D19E49E4241D257C00BC4AE4 /* OverviewView.swift in Sources */,
				D19E4A01241EAAC800BC4AE4 /* AddTrackerView.swift in Sources */,
				D19E49F1241D380100BC4AE4 /* RingView.swift in Sources */,
				D19E49AA241D1FB300BC4AE4 /* SceneDelegate.swift in Sources */,
				D19E49F6241E411D00BC4AE4 /* Extension+Date.swift in Sources */,
				D19E49AF241D1FB300BC4AE4 /* MainView.swift in Sources */,
				D19E49E6241D258800BC4AE4 /* ProjectsView.swift in Sources */,
				D19E49DF241D229100BC4AE4 /* TodayView.swift in Sources */,
				D19E49AD241D1FB300BC4AE4 /* Trackon.xcdatamodeld in Sources */,
				D19E49F4241E3D8D00BC4AE4 /* Extension+TimeInterval.swift in Sources */,
			);
			runOnlyForDeploymentPostprocessing = 0;
		};
		D19E49B9241D1FB400BC4AE4 /* Sources */ = {
			isa = PBXSourcesBuildPhase;
			buildActionMask = 2147483647;
			files = (
				D19E49C2241D1FB400BC4AE4 /* TrackonTests.swift in Sources */,
			);
			runOnlyForDeploymentPostprocessing = 0;
		};
		D19E49C4241D1FB400BC4AE4 /* Sources */ = {
			isa = PBXSourcesBuildPhase;
			buildActionMask = 2147483647;
			files = (
				D19E49CD241D1FB400BC4AE4 /* TrackonUITests.swift in Sources */,
			);
			runOnlyForDeploymentPostprocessing = 0;
		};
/* End PBXSourcesBuildPhase section */

/* Begin PBXTargetDependency section */
		D19E49BF241D1FB400BC4AE4 /* PBXTargetDependency */ = {
			isa = PBXTargetDependency;
			target = D19E49A3241D1FB300BC4AE4 /* Trackon */;
			targetProxy = D19E49BE241D1FB400BC4AE4 /* PBXContainerItemProxy */;
		};
		D19E49CA241D1FB400BC4AE4 /* PBXTargetDependency */ = {
			isa = PBXTargetDependency;
			target = D19E49A3241D1FB300BC4AE4 /* Trackon */;
			targetProxy = D19E49C9241D1FB400BC4AE4 /* PBXContainerItemProxy */;
		};
/* End PBXTargetDependency section */

/* Begin PBXVariantGroup section */
		D19E49B5241D1FB400BC4AE4 /* LaunchScreen.storyboard */ = {
			isa = PBXVariantGroup;
			children = (
				D19E49B6241D1FB400BC4AE4 /* Base */,
			);
			name = LaunchScreen.storyboard;
			sourceTree = "<group>";
		};
/* End PBXVariantGroup section */

/* Begin XCBuildConfiguration section */
		D19E49CF241D1FB400BC4AE4 /* Debug */ = {
			isa = XCBuildConfiguration;
			buildSettings = {
				ALWAYS_SEARCH_USER_PATHS = NO;
				CLANG_ANALYZER_NONNULL = YES;
				CLANG_ANALYZER_NUMBER_OBJECT_CONVERSION = YES_AGGRESSIVE;
				CLANG_CXX_LANGUAGE_STANDARD = "gnu++14";
				CLANG_CXX_LIBRARY = "libc++";
				CLANG_ENABLE_MODULES = YES;
				CLANG_ENABLE_OBJC_ARC = YES;
				CLANG_ENABLE_OBJC_WEAK = YES;
				CLANG_WARN_BLOCK_CAPTURE_AUTORELEASING = YES;
				CLANG_WARN_BOOL_CONVERSION = YES;
				CLANG_WARN_COMMA = YES;
				CLANG_WARN_CONSTANT_CONVERSION = YES;
				CLANG_WARN_DEPRECATED_OBJC_IMPLEMENTATIONS = YES;
				CLANG_WARN_DIRECT_OBJC_ISA_USAGE = YES_ERROR;
				CLANG_WARN_DOCUMENTATION_COMMENTS = YES;
				CLANG_WARN_EMPTY_BODY = YES;
				CLANG_WARN_ENUM_CONVERSION = YES;
				CLANG_WARN_INFINITE_RECURSION = YES;
				CLANG_WARN_INT_CONVERSION = YES;
				CLANG_WARN_NON_LITERAL_NULL_CONVERSION = YES;
				CLANG_WARN_OBJC_IMPLICIT_RETAIN_SELF = YES;
				CLANG_WARN_OBJC_LITERAL_CONVERSION = YES;
				CLANG_WARN_OBJC_ROOT_CLASS = YES_ERROR;
				CLANG_WARN_RANGE_LOOP_ANALYSIS = YES;
				CLANG_WARN_STRICT_PROTOTYPES = YES;
				CLANG_WARN_SUSPICIOUS_MOVE = YES;
				CLANG_WARN_UNGUARDED_AVAILABILITY = YES_AGGRESSIVE;
				CLANG_WARN_UNREACHABLE_CODE = YES;
				CLANG_WARN__DUPLICATE_METHOD_MATCH = YES;
				COPY_PHASE_STRIP = NO;
				DEBUG_INFORMATION_FORMAT = dwarf;
				ENABLE_STRICT_OBJC_MSGSEND = YES;
				ENABLE_TESTABILITY = YES;
				GCC_C_LANGUAGE_STANDARD = gnu11;
				GCC_DYNAMIC_NO_PIC = NO;
				GCC_NO_COMMON_BLOCKS = YES;
				GCC_OPTIMIZATION_LEVEL = 0;
				GCC_PREPROCESSOR_DEFINITIONS = (
					"DEBUG=1",
					"$(inherited)",
				);
				GCC_WARN_64_TO_32_BIT_CONVERSION = YES;
				GCC_WARN_ABOUT_RETURN_TYPE = YES_ERROR;
				GCC_WARN_UNDECLARED_SELECTOR = YES;
				GCC_WARN_UNINITIALIZED_AUTOS = YES_AGGRESSIVE;
				GCC_WARN_UNUSED_FUNCTION = YES;
				GCC_WARN_UNUSED_VARIABLE = YES;
				IPHONEOS_DEPLOYMENT_TARGET = 13.2;
				MTL_ENABLE_DEBUG_INFO = INCLUDE_SOURCE;
				MTL_FAST_MATH = YES;
				ONLY_ACTIVE_ARCH = YES;
				SDKROOT = iphoneos;
				SWIFT_ACTIVE_COMPILATION_CONDITIONS = DEBUG;
				SWIFT_OPTIMIZATION_LEVEL = "-Onone";
			};
			name = Debug;
		};
		D19E49D0241D1FB400BC4AE4 /* Release */ = {
			isa = XCBuildConfiguration;
			buildSettings = {
				ALWAYS_SEARCH_USER_PATHS = NO;
				CLANG_ANALYZER_NONNULL = YES;
				CLANG_ANALYZER_NUMBER_OBJECT_CONVERSION = YES_AGGRESSIVE;
				CLANG_CXX_LANGUAGE_STANDARD = "gnu++14";
				CLANG_CXX_LIBRARY = "libc++";
				CLANG_ENABLE_MODULES = YES;
				CLANG_ENABLE_OBJC_ARC = YES;
				CLANG_ENABLE_OBJC_WEAK = YES;
				CLANG_WARN_BLOCK_CAPTURE_AUTORELEASING = YES;
				CLANG_WARN_BOOL_CONVERSION = YES;
				CLANG_WARN_COMMA = YES;
				CLANG_WARN_CONSTANT_CONVERSION = YES;
				CLANG_WARN_DEPRECATED_OBJC_IMPLEMENTATIONS = YES;
				CLANG_WARN_DIRECT_OBJC_ISA_USAGE = YES_ERROR;
				CLANG_WARN_DOCUMENTATION_COMMENTS = YES;
				CLANG_WARN_EMPTY_BODY = YES;
				CLANG_WARN_ENUM_CONVERSION = YES;
				CLANG_WARN_INFINITE_RECURSION = YES;
				CLANG_WARN_INT_CONVERSION = YES;
				CLANG_WARN_NON_LITERAL_NULL_CONVERSION = YES;
				CLANG_WARN_OBJC_IMPLICIT_RETAIN_SELF = YES;
				CLANG_WARN_OBJC_LITERAL_CONVERSION = YES;
				CLANG_WARN_OBJC_ROOT_CLASS = YES_ERROR;
				CLANG_WARN_RANGE_LOOP_ANALYSIS = YES;
				CLANG_WARN_STRICT_PROTOTYPES = YES;
				CLANG_WARN_SUSPICIOUS_MOVE = YES;
				CLANG_WARN_UNGUARDED_AVAILABILITY = YES_AGGRESSIVE;
				CLANG_WARN_UNREACHABLE_CODE = YES;
				CLANG_WARN__DUPLICATE_METHOD_MATCH = YES;
				COPY_PHASE_STRIP = NO;
				DEBUG_INFORMATION_FORMAT = "dwarf-with-dsym";
				ENABLE_NS_ASSERTIONS = NO;
				ENABLE_STRICT_OBJC_MSGSEND = YES;
				GCC_C_LANGUAGE_STANDARD = gnu11;
				GCC_NO_COMMON_BLOCKS = YES;
				GCC_WARN_64_TO_32_BIT_CONVERSION = YES;
				GCC_WARN_ABOUT_RETURN_TYPE = YES_ERROR;
				GCC_WARN_UNDECLARED_SELECTOR = YES;
				GCC_WARN_UNINITIALIZED_AUTOS = YES_AGGRESSIVE;
				GCC_WARN_UNUSED_FUNCTION = YES;
				GCC_WARN_UNUSED_VARIABLE = YES;
				IPHONEOS_DEPLOYMENT_TARGET = 13.2;
				MTL_ENABLE_DEBUG_INFO = NO;
				MTL_FAST_MATH = YES;
				SDKROOT = iphoneos;
				SWIFT_COMPILATION_MODE = wholemodule;
				SWIFT_OPTIMIZATION_LEVEL = "-O";
				VALIDATE_PRODUCT = YES;
			};
			name = Release;
		};
		D19E49D2241D1FB400BC4AE4 /* Debug */ = {
			isa = XCBuildConfiguration;
			buildSettings = {
				ASSETCATALOG_COMPILER_APPICON_NAME = AppIcon;
				CODE_SIGN_STYLE = Automatic;
				DEVELOPMENT_ASSET_PATHS = "\"Trackon/Preview Content\"";
				DEVELOPMENT_TEAM = 4K2L2D8575;
				ENABLE_PREVIEWS = YES;
				INFOPLIST_FILE = Trackon/Info.plist;
				LD_RUNPATH_SEARCH_PATHS = (
					"$(inherited)",
					"@executable_path/Frameworks",
				);
				PRODUCT_BUNDLE_IDENTIFIER = com.andriyyezerskiy.Trackon;
				PRODUCT_NAME = "$(TARGET_NAME)";
				SWIFT_VERSION = 5.0;
				TARGETED_DEVICE_FAMILY = "1,2";
			};
			name = Debug;
		};
		D19E49D3241D1FB400BC4AE4 /* Release */ = {
			isa = XCBuildConfiguration;
			buildSettings = {
				ASSETCATALOG_COMPILER_APPICON_NAME = AppIcon;
				CODE_SIGN_STYLE = Automatic;
				DEVELOPMENT_ASSET_PATHS = "\"Trackon/Preview Content\"";
				DEVELOPMENT_TEAM = 4K2L2D8575;
				ENABLE_PREVIEWS = YES;
				INFOPLIST_FILE = Trackon/Info.plist;
				LD_RUNPATH_SEARCH_PATHS = (
					"$(inherited)",
					"@executable_path/Frameworks",
				);
				PRODUCT_BUNDLE_IDENTIFIER = com.andriyyezerskiy.Trackon;
				PRODUCT_NAME = "$(TARGET_NAME)";
				SWIFT_VERSION = 5.0;
				TARGETED_DEVICE_FAMILY = "1,2";
			};
			name = Release;
		};
		D19E49D5241D1FB400BC4AE4 /* Debug */ = {
			isa = XCBuildConfiguration;
			buildSettings = {
				ALWAYS_EMBED_SWIFT_STANDARD_LIBRARIES = YES;
				BUNDLE_LOADER = "$(TEST_HOST)";
				CODE_SIGN_STYLE = Automatic;
				INFOPLIST_FILE = TrackonTests/Info.plist;
				IPHONEOS_DEPLOYMENT_TARGET = 13.2;
				LD_RUNPATH_SEARCH_PATHS = (
					"$(inherited)",
					"@executable_path/Frameworks",
					"@loader_path/Frameworks",
				);
				PRODUCT_BUNDLE_IDENTIFIER = com.andriyyezerskiy.TrackonTests;
				PRODUCT_NAME = "$(TARGET_NAME)";
				SWIFT_VERSION = 5.0;
				TARGETED_DEVICE_FAMILY = "1,2";
				TEST_HOST = "$(BUILT_PRODUCTS_DIR)/Trackon.app/Trackon";
			};
			name = Debug;
		};
		D19E49D6241D1FB400BC4AE4 /* Release */ = {
			isa = XCBuildConfiguration;
			buildSettings = {
				ALWAYS_EMBED_SWIFT_STANDARD_LIBRARIES = YES;
				BUNDLE_LOADER = "$(TEST_HOST)";
				CODE_SIGN_STYLE = Automatic;
				INFOPLIST_FILE = TrackonTests/Info.plist;
				IPHONEOS_DEPLOYMENT_TARGET = 13.2;
				LD_RUNPATH_SEARCH_PATHS = (
					"$(inherited)",
					"@executable_path/Frameworks",
					"@loader_path/Frameworks",
				);
				PRODUCT_BUNDLE_IDENTIFIER = com.andriyyezerskiy.TrackonTests;
				PRODUCT_NAME = "$(TARGET_NAME)";
				SWIFT_VERSION = 5.0;
				TARGETED_DEVICE_FAMILY = "1,2";
				TEST_HOST = "$(BUILT_PRODUCTS_DIR)/Trackon.app/Trackon";
			};
			name = Release;
		};
		D19E49D8241D1FB400BC4AE4 /* Debug */ = {
			isa = XCBuildConfiguration;
			buildSettings = {
				ALWAYS_EMBED_SWIFT_STANDARD_LIBRARIES = YES;
				CODE_SIGN_STYLE = Automatic;
				INFOPLIST_FILE = TrackonUITests/Info.plist;
				LD_RUNPATH_SEARCH_PATHS = (
					"$(inherited)",
					"@executable_path/Frameworks",
					"@loader_path/Frameworks",
				);
				PRODUCT_BUNDLE_IDENTIFIER = com.andriyyezerskiy.TrackonUITests;
				PRODUCT_NAME = "$(TARGET_NAME)";
				SWIFT_VERSION = 5.0;
				TARGETED_DEVICE_FAMILY = "1,2";
				TEST_TARGET_NAME = Trackon;
			};
			name = Debug;
		};
		D19E49D9241D1FB400BC4AE4 /* Release */ = {
			isa = XCBuildConfiguration;
			buildSettings = {
				ALWAYS_EMBED_SWIFT_STANDARD_LIBRARIES = YES;
				CODE_SIGN_STYLE = Automatic;
				INFOPLIST_FILE = TrackonUITests/Info.plist;
				LD_RUNPATH_SEARCH_PATHS = (
					"$(inherited)",
					"@executable_path/Frameworks",
					"@loader_path/Frameworks",
				);
				PRODUCT_BUNDLE_IDENTIFIER = com.andriyyezerskiy.TrackonUITests;
				PRODUCT_NAME = "$(TARGET_NAME)";
				SWIFT_VERSION = 5.0;
				TARGETED_DEVICE_FAMILY = "1,2";
				TEST_TARGET_NAME = Trackon;
			};
			name = Release;
		};
/* End XCBuildConfiguration section */

/* Begin XCConfigurationList section */
		D19E499F241D1FB300BC4AE4 /* Build configuration list for PBXProject "Trackon" */ = {
			isa = XCConfigurationList;
			buildConfigurations = (
				D19E49CF241D1FB400BC4AE4 /* Debug */,
				D19E49D0241D1FB400BC4AE4 /* Release */,
			);
			defaultConfigurationIsVisible = 0;
			defaultConfigurationName = Release;
		};
		D19E49D1241D1FB400BC4AE4 /* Build configuration list for PBXNativeTarget "Trackon" */ = {
			isa = XCConfigurationList;
			buildConfigurations = (
				D19E49D2241D1FB400BC4AE4 /* Debug */,
				D19E49D3241D1FB400BC4AE4 /* Release */,
			);
			defaultConfigurationIsVisible = 0;
			defaultConfigurationName = Release;
		};
		D19E49D4241D1FB400BC4AE4 /* Build configuration list for PBXNativeTarget "TrackonTests" */ = {
			isa = XCConfigurationList;
			buildConfigurations = (
				D19E49D5241D1FB400BC4AE4 /* Debug */,
				D19E49D6241D1FB400BC4AE4 /* Release */,
			);
			defaultConfigurationIsVisible = 0;
			defaultConfigurationName = Release;
		};
		D19E49D7241D1FB400BC4AE4 /* Build configuration list for PBXNativeTarget "TrackonUITests" */ = {
			isa = XCConfigurationList;
			buildConfigurations = (
				D19E49D8241D1FB400BC4AE4 /* Debug */,
				D19E49D9241D1FB400BC4AE4 /* Release */,
			);
			defaultConfigurationIsVisible = 0;
			defaultConfigurationName = Release;
		};
/* End XCConfigurationList section */

/* Begin XCVersionGroup section */
		D19E49AB241D1FB300BC4AE4 /* Trackon.xcdatamodeld */ = {
			isa = XCVersionGroup;
			children = (
				D19E49AC241D1FB300BC4AE4 /* Trackon.xcdatamodel */,
			);
			currentVersion = D19E49AC241D1FB300BC4AE4 /* Trackon.xcdatamodel */;
			path = Trackon.xcdatamodeld;
			sourceTree = "<group>";
			versionGroupType = wrapper.xcdatamodel;
		};
/* End XCVersionGroup section */
	};
	rootObject = D19E499C241D1FB300BC4AE4 /* Project object */;
}
